
Microsoft Visual Studio Solution File, Format Version 12.00
Project("{2150E333-8FDC-42A3-9474-1A3956D46DE8}") = "src", "src", "{ADE22C87-1675-4EDC-ADA8-4A5BBC11CB12}"
EndProject
Project("{2150E333-8FDC-42A3-9474-1A3956D46DE8}") = "tests", "tests", "{709BB5A4-A9ED-4151-9CFC-33A1FA7E1FC6}"
EndProject
Project("{2150E333-8FDC-42A3-9474-1A3956D46DE8}") = "Core", "Core", "{5DCEA0CF-847C-47F5-B052-4231BC81478B}"
EndProject
Project("{2150E333-8FDC-42A3-9474-1A3956D46DE8}") = "API", "API", "{DDE8F583-CD9C-4995-B564-21223A9D5551}"
EndProject
Project("{2150E333-8FDC-42A3-9474-1A3956D46DE8}") = "UI", "UI", "{7237CF77-ED37-4AF7-A39A-C15DD9578733}"
EndProject
Project("{2150E333-8FDC-42A3-9474-1A3956D46DE8}") = "Infrastucture", "Infrastucture", "{57CEB2BD-3B4A-4179-8B49-279B0B43B74C}"
EndProject
Project("{FAE04EC0-301F-11D3-BF4B-00C04F79EFBC}") = "BlogApi.Domain", "BlogApi.Domain\BlogApi.Domain.csproj", "{4A89217A-EE7C-414B-899C-13AF9640B413}"
EndProject
Project("{FAE04EC0-301F-11D3-BF4B-00C04F79EFBC}") = "BlogApi.Application", "BlogApi.Application\BlogApi.Application.csproj", "{74A2D114-B79C-405F-AE78-50CB13308014}"
EndProject
Global
	GlobalSection(SolutionConfigurationPlatforms) = preSolution
		Debug|Any CPU = Debug|Any CPU
		Release|Any CPU = Release|Any CPU
	EndGlobalSection
	GlobalSection(NestedProjects) = preSolution
		{5DCEA0CF-847C-47F5-B052-4231BC81478B} = {ADE22C87-1675-4EDC-ADA8-4A5BBC11CB12}
		{DDE8F583-CD9C-4995-B564-21223A9D5551} = {ADE22C87-1675-4EDC-ADA8-4A5BBC11CB12}
		{7237CF77-ED37-4AF7-A39A-C15DD9578733} = {ADE22C87-1675-4EDC-ADA8-4A5BBC11CB12}
		{57CEB2BD-3B4A-4179-8B49-279B0B43B74C} = {ADE22C87-1675-4EDC-ADA8-4A5BBC11CB12}
		{4A89217A-EE7C-414B-899C-13AF9640B413} = {5DCEA0CF-847C-47F5-B052-4231BC81478B}
		{74A2D114-B79C-405F-AE78-50CB13308014} = {5DCEA0CF-847C-47F5-B052-4231BC81478B}
	EndGlobalSection
	GlobalSection(ProjectConfigurationPlatforms) = postSolution
		{4A89217A-EE7C-414B-899C-13AF9640B413}.Debug|Any CPU.ActiveCfg = Debug|Any CPU
		{4A89217A-EE7C-414B-899C-13AF9640B413}.Debug|Any CPU.Build.0 = Debug|Any CPU
		{4A89217A-EE7C-414B-899C-13AF9640B413}.Release|Any CPU.ActiveCfg = Release|Any CPU
		{4A89217A-EE7C-414B-899C-13AF9640B413}.Release|Any CPU.Build.0 = Release|Any CPU
		{74A2D114-B79C-405F-AE78-50CB13308014}.Debug|Any CPU.ActiveCfg = Debug|Any CPU
		{74A2D114-B79C-405F-AE78-50CB13308014}.Debug|Any CPU.Build.0 = Debug|Any CPU
		{74A2D114-B79C-405F-AE78-50CB13308014}.Release|Any CPU.ActiveCfg = Release|Any CPU
		{74A2D114-B79C-405F-AE78-50CB13308014}.Release|Any CPU.Build.0 = Release|Any CPU
	EndGlobalSection
EndGlobal
